
Microsoft Visual Studio Solution File, Format Version 11.00
# Visual Studio 2010
Project("{FAE04EC0-301F-11D3-BF4B-00C04F79EFBC}") = "RPG_Helper_3000_ULTRA", "Assembly-CSharp.csproj", "{24A4BD79-5046-B29F-C699-7124E9E0BBE1}"
EndProject
Global
	GlobalSection(SolutionConfigurationPlatforms) = preSolution
		Debug|Any CPU = Debug|Any CPU
		Release|Any CPU = Release|Any CPU
	EndGlobalSection
	GlobalSection(ProjectConfigurationPlatforms) = postSolution
		{24A4BD79-5046-B29F-C699-7124E9E0BBE1}.Debug|Any CPU.ActiveCfg = Debug|Any CPU
		{24A4BD79-5046-B29F-C699-7124E9E0BBE1}.Debug|Any CPU.Build.0 = Debug|Any CPU
		{24A4BD79-5046-B29F-C699-7124E9E0BBE1}.Release|Any CPU.ActiveCfg = Release|Any CPU
		{24A4BD79-5046-B29F-C699-7124E9E0BBE1}.Release|Any CPU.Build.0 = Release|Any CPU
	EndGlobalSection
	GlobalSection(SolutionProperties) = preSolution
		HideSolutionNode = FALSE
	EndGlobalSection
	GlobalSection(MonoDevelopProperties) = preSolution
		StartupItem = Assembly-CSharp.csproj
	EndGlobalSection
EndGlobal
